// !$*UTF8*$!
{
	archiveVersion = 1;
	classes = {
	};
	objectVersion = 63;
	objects = {

/* Begin PBXBuildFile section */
		ED6179082C886ABD00CB5F0F /* WidgetKit.framework in Frameworks */ = {isa = PBXBuildFile; fileRef = ED6179072C886ABC00CB5F0F /* WidgetKit.framework */; };
		ED61790A2C886ABD00CB5F0F /* SwiftUI.framework in Frameworks */ = {isa = PBXBuildFile; fileRef = ED6179092C886ABD00CB5F0F /* SwiftUI.framework */; };
		ED6179172C886ABF00CB5F0F /* testliveExtension.appex in Embed Foundation Extensions */ = {isa = PBXBuildFile; fileRef = ED6179052C886ABC00CB5F0F /* testliveExtension.appex */; settings = {ATTRIBUTES = (RemoveHeadersOnCopy, ); }; };
		ED6179272C886BD800CB5F0F /* Preview Assets.xcassets in Resources */ = {isa = PBXBuildFile; fileRef = ED6179212C886BD800CB5F0F /* Preview Assets.xcassets */; };
		ED6179282C886BD800CB5F0F /* Assets.xcassets in Resources */ = {isa = PBXBuildFile; fileRef = ED6179232C886BD800CB5F0F /* Assets.xcassets */; };
		ED6179292C886BD800CB5F0F /* ContentView.swift in Sources */ = {isa = PBXBuildFile; fileRef = ED6179242C886BD800CB5F0F /* ContentView.swift */; };
		ED61792A2C886BD800CB5F0F /* liveactivitytestApp.swift in Sources */ = {isa = PBXBuildFile; fileRef = ED6179252C886BD800CB5F0F /* liveactivitytestApp.swift */; };
		ED6179322C886BDA00CB5F0F /* Assets.xcassets in Resources */ = {isa = PBXBuildFile; fileRef = ED61792B2C886BDA00CB5F0F /* Assets.xcassets */; };
		ED6179342C886BDA00CB5F0F /* testlive.swift in Sources */ = {isa = PBXBuildFile; fileRef = ED61792D2C886BDA00CB5F0F /* testlive.swift */; };
		ED6179352C886BDA00CB5F0F /* testliveAttributes.swift in Sources */ = {isa = PBXBuildFile; fileRef = ED61792E2C886BDA00CB5F0F /* testliveAttributes.swift */; };
		ED6179362C886BDA00CB5F0F /* testliveBundle.swift in Sources */ = {isa = PBXBuildFile; fileRef = ED61792F2C886BDA00CB5F0F /* testliveBundle.swift */; };
		ED6179372C886BDA00CB5F0F /* testliveLiveActivity.swift in Sources */ = {isa = PBXBuildFile; fileRef = ED6179302C886BDA00CB5F0F /* testliveLiveActivity.swift */; };
		ED6179382C886BDA00CB5F0F /* testliveAttributes.swift in Sources */ = {isa = PBXBuildFile; fileRef = ED61792E2C886BDA00CB5F0F /* testliveAttributes.swift */; };
/* End PBXBuildFile section */

/* Begin PBXContainerItemProxy section */
		ED6179152C886ABF00CB5F0F /* PBXContainerItemProxy */ = {
			isa = PBXContainerItemProxy;
			containerPortal = ED6178E82C886AAD00CB5F0F /* Project object */;
			proxyType = 1;
			remoteGlobalIDString = ED6179042C886ABC00CB5F0F;
			remoteInfo = testliveExtension;
		};
/* End PBXContainerItemProxy section */

/* Begin PBXCopyFilesBuildPhase section */
		ED61791C2C886ABF00CB5F0F /* Embed Foundation Extensions */ = {
			isa = PBXCopyFilesBuildPhase;
			buildActionMask = 2147483647;
			dstPath = "";
			dstSubfolderSpec = 13;
			files = (
				ED6179172C886ABF00CB5F0F /* testliveExtension.appex in Embed Foundation Extensions */,
			);
			name = "Embed Foundation Extensions";
			runOnlyForDeploymentPostprocessing = 0;
		};
/* End PBXCopyFilesBuildPhase section */

/* Begin PBXFileReference section */
		ED6178F02C886AAD00CB5F0F /* liveactivitytest.app */ = {isa = PBXFileReference; explicitFileType = wrapper.application; includeInIndex = 0; path = liveactivitytest.app; sourceTree = BUILT_PRODUCTS_DIR; };
		ED6179052C886ABC00CB5F0F /* testliveExtension.appex */ = {isa = PBXFileReference; explicitFileType = "wrapper.app-extension"; includeInIndex = 0; path = testliveExtension.appex; sourceTree = BUILT_PRODUCTS_DIR; };
		ED6179072C886ABC00CB5F0F /* WidgetKit.framework */ = {isa = PBXFileReference; lastKnownFileType = wrapper.framework; name = WidgetKit.framework; path = System/Library/Frameworks/WidgetKit.framework; sourceTree = SDKROOT; };
		ED6179092C886ABD00CB5F0F /* SwiftUI.framework */ = {isa = PBXFileReference; lastKnownFileType = wrapper.framework; name = SwiftUI.framework; path = System/Library/Frameworks/SwiftUI.framework; sourceTree = SDKROOT; };
		ED6179212C886BD800CB5F0F /* Preview Assets.xcassets */ = {isa = PBXFileReference; lastKnownFileType = folder.assetcatalog; path = "Preview Assets.xcassets"; sourceTree = "<group>"; };
		ED6179232C886BD800CB5F0F /* Assets.xcassets */ = {isa = PBXFileReference; lastKnownFileType = folder.assetcatalog; path = Assets.xcassets; sourceTree = "<group>"; };
		ED6179242C886BD800CB5F0F /* ContentView.swift */ = {isa = PBXFileReference; lastKnownFileType = sourcecode.swift; path = ContentView.swift; sourceTree = "<group>"; };
		ED6179252C886BD800CB5F0F /* liveactivitytestApp.swift */ = {isa = PBXFileReference; lastKnownFileType = sourcecode.swift; path = liveactivitytestApp.swift; sourceTree = "<group>"; };
		ED61792B2C886BDA00CB5F0F /* Assets.xcassets */ = {isa = PBXFileReference; lastKnownFileType = folder.assetcatalog; path = Assets.xcassets; sourceTree = "<group>"; };
		ED61792C2C886BDA00CB5F0F /* Info.plist */ = {isa = PBXFileReference; lastKnownFileType = text.plist.xml; path = Info.plist; sourceTree = "<group>"; };
		ED61792D2C886BDA00CB5F0F /* testlive.swift */ = {isa = PBXFileReference; lastKnownFileType = sourcecode.swift; path = testlive.swift; sourceTree = "<group>"; };
		ED61792E2C886BDA00CB5F0F /* testliveAttributes.swift */ = {isa = PBXFileReference; lastKnownFileType = sourcecode.swift; path = testliveAttributes.swift; sourceTree = "<group>"; };
		ED61792F2C886BDA00CB5F0F /* testliveBundle.swift */ = {isa = PBXFileReference; lastKnownFileType = sourcecode.swift; path = testliveBundle.swift; sourceTree = "<group>"; };
		ED6179302C886BDA00CB5F0F /* testliveLiveActivity.swift */ = {isa = PBXFileReference; lastKnownFileType = sourcecode.swift; path = testliveLiveActivity.swift; sourceTree = "<group>"; };
/* End PBXFileReference section */

/* Begin PBXFrameworksBuildPhase section */
		ED6178ED2C886AAD00CB5F0F /* Frameworks */ = {
			isa = PBXFrameworksBuildPhase;
			buildActionMask = 2147483647;
			files = (
			);
			runOnlyForDeploymentPostprocessing = 0;
		};
		ED6179022C886ABC00CB5F0F /* Frameworks */ = {
			isa = PBXFrameworksBuildPhase;
			buildActionMask = 2147483647;
			files = (
				ED61790A2C886ABD00CB5F0F /* SwiftUI.framework in Frameworks */,
				ED6179082C886ABD00CB5F0F /* WidgetKit.framework in Frameworks */,
			);
			runOnlyForDeploymentPostprocessing = 0;
		};
/* End PBXFrameworksBuildPhase section */

/* Begin PBXGroup section */
		ED6178E72C886AAD00CB5F0F = {
			isa = PBXGroup;
			children = (
				ED6179262C886BD800CB5F0F /* liveactivitytest */,
				ED6179312C886BDA00CB5F0F /* testlive */,
				ED6179062C886ABC00CB5F0F /* Frameworks */,
				ED6178F12C886AAD00CB5F0F /* Products */,
			);
			sourceTree = "<group>";
		};
		ED6178F12C886AAD00CB5F0F /* Products */ = {
			isa = PBXGroup;
			children = (
				ED6178F02C886AAD00CB5F0F /* liveactivitytest.app */,
				ED6179052C886ABC00CB5F0F /* testliveExtension.appex */,
			);
			name = Products;
			sourceTree = "<group>";
		};
		ED6179062C886ABC00CB5F0F /* Frameworks */ = {
			isa = PBXGroup;
			children = (
				ED6179072C886ABC00CB5F0F /* WidgetKit.framework */,
				ED6179092C886ABD00CB5F0F /* SwiftUI.framework */,
			);
			name = Frameworks;
			sourceTree = "<group>";
		};
		ED6179222C886BD800CB5F0F /* Preview Content */ = {
			isa = PBXGroup;
			children = (
				ED6179212C886BD800CB5F0F /* Preview Assets.xcassets */,
			);
			path = "Preview Content";
			sourceTree = "<group>";
		};
		ED6179262C886BD800CB5F0F /* liveactivitytest */ = {
			isa = PBXGroup;
			children = (
				ED6179222C886BD800CB5F0F /* Preview Content */,
				ED6179232C886BD800CB5F0F /* Assets.xcassets */,
				ED6179242C886BD800CB5F0F /* ContentView.swift */,
				ED6179252C886BD800CB5F0F /* liveactivitytestApp.swift */,
			);
			path = liveactivitytest;
			sourceTree = "<group>";
		};
		ED6179312C886BDA00CB5F0F /* testlive */ = {
			isa = PBXGroup;
			children = (
				ED61792B2C886BDA00CB5F0F /* Assets.xcassets */,
				ED61792C2C886BDA00CB5F0F /* Info.plist */,
				ED61792D2C886BDA00CB5F0F /* testlive.swift */,
				ED61792E2C886BDA00CB5F0F /* testliveAttributes.swift */,
				ED61792F2C886BDA00CB5F0F /* testliveBundle.swift */,
				ED6179302C886BDA00CB5F0F /* testliveLiveActivity.swift */,
			);
			path = testlive;
			sourceTree = "<group>";
		};
/* End PBXGroup section */

/* Begin PBXNativeTarget section */
		ED6178EF2C886AAD00CB5F0F /* liveactivitytest */ = {
			isa = PBXNativeTarget;
			buildConfigurationList = ED6178FE2C886AAF00CB5F0F /* Build configuration list for PBXNativeTarget "liveactivitytest" */;
			buildPhases = (
				ED6178EC2C886AAD00CB5F0F /* Sources */,
				ED6178ED2C886AAD00CB5F0F /* Frameworks */,
				ED6178EE2C886AAD00CB5F0F /* Resources */,
				ED61791C2C886ABF00CB5F0F /* Embed Foundation Extensions */,
			);
			buildRules = (
			);
			dependencies = (
				ED6179162C886ABF00CB5F0F /* PBXTargetDependency */,
			);
			name = liveactivitytest;
			packageProductDependencies = (
			);
			productName = liveactivitytest;
			productReference = ED6178F02C886AAD00CB5F0F /* liveactivitytest.app */;
			productType = "com.apple.product-type.application";
		};
		ED6179042C886ABC00CB5F0F /* testliveExtension */ = {
			isa = PBXNativeTarget;
			buildConfigurationList = ED6179192C886ABF00CB5F0F /* Build configuration list for PBXNativeTarget "testliveExtension" */;
			buildPhases = (
				ED6179012C886ABC00CB5F0F /* Sources */,
				ED6179022C886ABC00CB5F0F /* Frameworks */,
				ED6179032C886ABC00CB5F0F /* Resources */,
			);
			buildRules = (
			);
			dependencies = (
			);
			name = testliveExtension;
			packageProductDependencies = (
			);
			productName = testliveExtension;
			productReference = ED6179052C886ABC00CB5F0F /* testliveExtension.appex */;
			productType = "com.apple.product-type.app-extension";
		};
/* End PBXNativeTarget section */

/* Begin PBXProject section */
		ED6178E82C886AAD00CB5F0F /* Project object */ = {
			isa = PBXProject;
			attributes = {
				BuildIndependentTargetsInParallel = 1;
				LastSwiftUpdateCheck = 1610;
				LastUpgradeCheck = 1610;
				TargetAttributes = {
					ED6178EF2C886AAD00CB5F0F = {
						CreatedOnToolsVersion = 16.1;
					};
					ED6179042C886ABC00CB5F0F = {
						CreatedOnToolsVersion = 16.1;
					};
				};
			};
			buildConfigurationList = ED6178EB2C886AAD00CB5F0F /* Build configuration list for PBXProject "liveactivitytest" */;
			compatibilityVersion = "Xcode 15.0";
			developmentRegion = en;
			hasScannedForEncodings = 0;
			knownRegions = (
				en,
				Base,
			);
			mainGroup = ED6178E72C886AAD00CB5F0F;
			minimizedProjectReferenceProxies = 1;
			productRefGroup = ED6178F12C886AAD00CB5F0F /* Products */;
			projectDirPath = "";
			projectRoot = "";
			targets = (
				ED6178EF2C886AAD00CB5F0F /* liveactivitytest */,
				ED6179042C886ABC00CB5F0F /* testliveExtension */,
			);
		};
/* End PBXProject section */

/* Begin PBXResourcesBuildPhase section */
		ED6178EE2C886AAD00CB5F0F /* Resources */ = {
			isa = PBXResourcesBuildPhase;
			buildActionMask = 2147483647;
			files = (
				ED6179272C886BD800CB5F0F /* Preview Assets.xcassets in Resources */,
				ED6179282C886BD800CB5F0F /* Assets.xcassets in Resources */,
			);
			runOnlyForDeploymentPostprocessing = 0;
		};
		ED6179032C886ABC00CB5F0F /* Resources */ = {
			isa = PBXResourcesBuildPhase;
			buildActionMask = 2147483647;
			files = (
				ED6179322C886BDA00CB5F0F /* Assets.xcassets in Resources */,
			);
			runOnlyForDeploymentPostprocessing = 0;
		};
/* End PBXResourcesBuildPhase section */

/* Begin PBXSourcesBuildPhase section */
		ED6178EC2C886AAD00CB5F0F /* Sources */ = {
			isa = PBXSourcesBuildPhase;
			buildActionMask = 2147483647;
			files = (
				ED6179292C886BD800CB5F0F /* ContentView.swift in Sources */,
				ED61792A2C886BD800CB5F0F /* liveactivitytestApp.swift in Sources */,
				ED6179382C886BDA00CB5F0F /* testliveAttributes.swift in Sources */,
			);
			runOnlyForDeploymentPostprocessing = 0;
		};
		ED6179012C886ABC00CB5F0F /* Sources */ = {
			isa = PBXSourcesBuildPhase;
			buildActionMask = 2147483647;
			files = (
				ED6179342C886BDA00CB5F0F /* testlive.swift in Sources */,
				ED6179352C886BDA00CB5F0F /* testliveAttributes.swift in Sources */,
				ED6179362C886BDA00CB5F0F /* testliveBundle.swift in Sources */,
				ED6179372C886BDA00CB5F0F /* testliveLiveActivity.swift in Sources */,
			);
			runOnlyForDeploymentPostprocessing = 0;
		};
/* End PBXSourcesBuildPhase section */

/* Begin PBXTargetDependency section */
		ED6179162C886ABF00CB5F0F /* PBXTargetDependency */ = {
			isa = PBXTargetDependency;
			target = ED6179042C886ABC00CB5F0F /* testliveExtension */;
			targetProxy = ED6179152C886ABF00CB5F0F /* PBXContainerItemProxy */;
		};
/* End PBXTargetDependency section */

/* Begin XCBuildConfiguration section */
		ED6178FC2C886AAF00CB5F0F /* Debug */ = {
			isa = XCBuildConfiguration;
			buildSettings = {
				ALWAYS_SEARCH_USER_PATHS = NO;
				ASSETCATALOG_COMPILER_GENERATE_SWIFT_ASSET_SYMBOL_EXTENSIONS = YES;
				CLANG_ANALYZER_NONNULL = YES;
				CLANG_ANALYZER_NUMBER_OBJECT_CONVERSION = YES_AGGRESSIVE;
				CLANG_CXX_LANGUAGE_STANDARD = "gnu++20";
				CLANG_ENABLE_MODULES = YES;
				CLANG_ENABLE_OBJC_ARC = YES;
				CLANG_ENABLE_OBJC_WEAK = YES;
				CLANG_WARN_BLOCK_CAPTURE_AUTORELEASING = YES;
				CLANG_WARN_BOOL_CONVERSION = YES;
				CLANG_WARN_COMMA = YES;
				CLANG_WARN_CONSTANT_CONVERSION = YES;
				CLANG_WARN_DEPRECATED_OBJC_IMPLEMENTATIONS = YES;
				CLANG_WARN_DIRECT_OBJC_ISA_USAGE = YES_ERROR;
				CLANG_WARN_DOCUMENTATION_COMMENTS = YES;
				CLANG_WARN_EMPTY_BODY = YES;
				CLANG_WARN_ENUM_CONVERSION = YES;
				CLANG_WARN_INFINITE_RECURSION = YES;
				CLANG_WARN_INT_CONVERSION = YES;
				CLANG_WARN_NON_LITERAL_NULL_CONVERSION = YES;
				CLANG_WARN_OBJC_IMPLICIT_RETAIN_SELF = YES;
				CLANG_WARN_OBJC_LITERAL_CONVERSION = YES;
				CLANG_WARN_OBJC_ROOT_CLASS = YES_ERROR;
				CLANG_WARN_QUOTED_INCLUDE_IN_FRAMEWORK_HEADER = YES;
				CLANG_WARN_RANGE_LOOP_ANALYSIS = YES;
				CLANG_WARN_STRICT_PROTOTYPES = YES;
				CLANG_WARN_SUSPICIOUS_MOVE = YES;
				CLANG_WARN_UNGUARDED_AVAILABILITY = YES_AGGRESSIVE;
				CLANG_WARN_UNREACHABLE_CODE = YES;
				CLANG_WARN__DUPLICATE_METHOD_MATCH = YES;
				COPY_PHASE_STRIP = NO;
				DEBUG_INFORMATION_FORMAT = dwarf;
				ENABLE_STRICT_OBJC_MSGSEND = YES;
				ENABLE_TESTABILITY = YES;
				ENABLE_USER_SCRIPT_SANDBOXING = YES;
				GCC_C_LANGUAGE_STANDARD = gnu17;
				GCC_DYNAMIC_NO_PIC = NO;
				GCC_NO_COMMON_BLOCKS = YES;
				GCC_OPTIMIZATION_LEVEL = 0;
				GCC_PREPROCESSOR_DEFINITIONS = (
					"DEBUG=1",
					"$(inherited)",
				);
				GCC_WARN_64_TO_32_BIT_CONVERSION = YES;
				GCC_WARN_ABOUT_RETURN_TYPE = YES_ERROR;
				GCC_WARN_UNDECLARED_SELECTOR = YES;
				GCC_WARN_UNINITIALIZED_AUTOS = YES_AGGRESSIVE;
				GCC_WARN_UNUSED_FUNCTION = YES;
				GCC_WARN_UNUSED_VARIABLE = YES;
				IPHONEOS_DEPLOYMENT_TARGET = 18.1;
				LOCALIZATION_PREFERS_STRING_CATALOGS = YES;
				MTL_ENABLE_DEBUG_INFO = INCLUDE_SOURCE;
				MTL_FAST_MATH = YES;
				ONLY_ACTIVE_ARCH = YES;
				SDKROOT = iphoneos;
				SWIFT_ACTIVE_COMPILATION_CONDITIONS = "DEBUG $(inherited)";
				SWIFT_OPTIMIZATION_LEVEL = "-Onone";
			};
			name = Debug;
		};
		ED6178FD2C886AAF00CB5F0F /* Release */ = {
			isa = XCBuildConfiguration;
			buildSettings = {
				ALWAYS_SEARCH_USER_PATHS = NO;
				ASSETCATALOG_COMPILER_GENERATE_SWIFT_ASSET_SYMBOL_EXTENSIONS = YES;
				CLANG_ANALYZER_NONNULL = YES;
				CLANG_ANALYZER_NUMBER_OBJECT_CONVERSION = YES_AGGRESSIVE;
				CLANG_CXX_LANGUAGE_STANDARD = "gnu++20";
				CLANG_ENABLE_MODULES = YES;
				CLANG_ENABLE_OBJC_ARC = YES;
				CLANG_ENABLE_OBJC_WEAK = YES;
				CLANG_WARN_BLOCK_CAPTURE_AUTORELEASING = YES;
				CLANG_WARN_BOOL_CONVERSION = YES;
				CLANG_WARN_COMMA = YES;
				CLANG_WARN_CONSTANT_CONVERSION = YES;
				CLANG_WARN_DEPRECATED_OBJC_IMPLEMENTATIONS = YES;
				CLANG_WARN_DIRECT_OBJC_ISA_USAGE = YES_ERROR;
				CLANG_WARN_DOCUMENTATION_COMMENTS = YES;
				CLANG_WARN_EMPTY_BODY = YES;
				CLANG_WARN_ENUM_CONVERSION = YES;
				CLANG_WARN_INFINITE_RECURSION = YES;
				CLANG_WARN_INT_CONVERSION = YES;
				CLANG_WARN_NON_LITERAL_NULL_CONVERSION = YES;
				CLANG_WARN_OBJC_IMPLICIT_RETAIN_SELF = YES;
				CLANG_WARN_OBJC_LITERAL_CONVERSION = YES;
				CLANG_WARN_OBJC_ROOT_CLASS = YES_ERROR;
				CLANG_WARN_QUOTED_INCLUDE_IN_FRAMEWORK_HEADER = YES;
				CLANG_WARN_RANGE_LOOP_ANALYSIS = YES;
				CLANG_WARN_STRICT_PROTOTYPES = YES;
				CLANG_WARN_SUSPICIOUS_MOVE = YES;
				CLANG_WARN_UNGUARDED_AVAILABILITY = YES_AGGRESSIVE;
				CLANG_WARN_UNREACHABLE_CODE = YES;
				CLANG_WARN__DUPLICATE_METHOD_MATCH = YES;
				COPY_PHASE_STRIP = NO;
				DEBUG_INFORMATION_FORMAT = "dwarf-with-dsym";
				ENABLE_NS_ASSERTIONS = NO;
				ENABLE_STRICT_OBJC_MSGSEND = YES;
				ENABLE_USER_SCRIPT_SANDBOXING = YES;
				GCC_C_LANGUAGE_STANDARD = gnu17;
				GCC_NO_COMMON_BLOCKS = YES;
				GCC_WARN_64_TO_32_BIT_CONVERSION = YES;
				GCC_WARN_ABOUT_RETURN_TYPE = YES_ERROR;
				GCC_WARN_UNDECLARED_SELECTOR = YES;
				GCC_WARN_UNINITIALIZED_AUTOS = YES_AGGRESSIVE;
				GCC_WARN_UNUSED_FUNCTION = YES;
				GCC_WARN_UNUSED_VARIABLE = YES;
				IPHONEOS_DEPLOYMENT_TARGET = 18.1;
				LOCALIZATION_PREFERS_STRING_CATALOGS = YES;
				MTL_ENABLE_DEBUG_INFO = NO;
				MTL_FAST_MATH = YES;
				SDKROOT = iphoneos;
				SWIFT_COMPILATION_MODE = wholemodule;
				VALIDATE_PRODUCT = YES;
			};
			name = Release;
		};
		ED6178FF2C886AAF00CB5F0F /* Debug */ = {
			isa = XCBuildConfiguration;
			buildSettings = {
				ASSETCATALOG_COMPILER_APPICON_NAME = AppIcon;
				ASSETCATALOG_COMPILER_GLOBAL_ACCENT_COLOR_NAME = AccentColor;
				CODE_SIGN_STYLE = Automatic;
				CURRENT_PROJECT_VERSION = 1;
				DEVELOPMENT_ASSET_PATHS = "\"liveactivitytest/Preview Content\"";
				DEVELOPMENT_TEAM = D8D2NQ6572;
				ENABLE_PREVIEWS = YES;
				GENERATE_INFOPLIST_FILE = YES;
				INFOPLIST_KEY_LSApplicationCategoryType = "";
				INFOPLIST_KEY_NSSupportsLiveActivities = YES;
				INFOPLIST_KEY_UIApplicationSceneManifest_Generation = YES;
				INFOPLIST_KEY_UIApplicationSupportsIndirectInputEvents = YES;
				INFOPLIST_KEY_UILaunchScreen_Generation = YES;
				INFOPLIST_KEY_UISupportedInterfaceOrientations_iPad = "UIInterfaceOrientationPortrait UIInterfaceOrientationPortraitUpsideDown UIInterfaceOrientationLandscapeLeft UIInterfaceOrientationLandscapeRight";
				INFOPLIST_KEY_UISupportedInterfaceOrientations_iPhone = "UIInterfaceOrientationPortrait UIInterfaceOrientationLandscapeLeft UIInterfaceOrientationLandscapeRight";
				IPHONEOS_DEPLOYMENT_TARGET = 17.0;
				LD_RUNPATH_SEARCH_PATHS = (
					"$(inherited)",
					"@executable_path/Frameworks",
				);
				MARKETING_VERSION = 1.0;
				PRODUCT_BUNDLE_IDENTIFIER = com.willbishop.liveactivitytest;
				PRODUCT_NAME = "$(TARGET_NAME)";
				SWIFT_EMIT_LOC_STRINGS = YES;
				SWIFT_VERSION = 5.0;
				TARGETED_DEVICE_FAMILY = "1,2";
			};
			name = Debug;
		};
		ED6179002C886AAF00CB5F0F /* Release */ = {
			isa = XCBuildConfiguration;
			buildSettings = {
				ASSETCATALOG_COMPILER_APPICON_NAME = AppIcon;
				ASSETCATALOG_COMPILER_GLOBAL_ACCENT_COLOR_NAME = AccentColor;
				CODE_SIGN_STYLE = Automatic;
				CURRENT_PROJECT_VERSION = 1;
				DEVELOPMENT_ASSET_PATHS = "\"liveactivitytest/Preview Content\"";
				DEVELOPMENT_TEAM = D8D2NQ6572;
				ENABLE_PREVIEWS = YES;
				GENERATE_INFOPLIST_FILE = YES;
				INFOPLIST_KEY_LSApplicationCategoryType = "";
				INFOPLIST_KEY_NSSupportsLiveActivities = YES;
				INFOPLIST_KEY_UIApplicationSceneManifest_Generation = YES;
				INFOPLIST_KEY_UIApplicationSupportsIndirectInputEvents = YES;
				INFOPLIST_KEY_UILaunchScreen_Generation = YES;
				INFOPLIST_KEY_UISupportedInterfaceOrientations_iPad = "UIInterfaceOrientationPortrait UIInterfaceOrientationPortraitUpsideDown UIInterfaceOrientationLandscapeLeft UIInterfaceOrientationLandscapeRight";
				INFOPLIST_KEY_UISupportedInterfaceOrientations_iPhone = "UIInterfaceOrientationPortrait UIInterfaceOrientationLandscapeLeft UIInterfaceOrientationLandscapeRight";
				IPHONEOS_DEPLOYMENT_TARGET = 17.0;
				LD_RUNPATH_SEARCH_PATHS = (
					"$(inherited)",
					"@executable_path/Frameworks",
				);
				MARKETING_VERSION = 1.0;
				PRODUCT_BUNDLE_IDENTIFIER = com.willbishop.liveactivitytest;
				PRODUCT_NAME = "$(TARGET_NAME)";
				SWIFT_EMIT_LOC_STRINGS = YES;
				SWIFT_VERSION = 5.0;
				TARGETED_DEVICE_FAMILY = "1,2";
			};
			name = Release;
		};
		ED61791A2C886ABF00CB5F0F /* Debug */ = {
			isa = XCBuildConfiguration;
			buildSettings = {
				ASSETCATALOG_COMPILER_GLOBAL_ACCENT_COLOR_NAME = AccentColor;
				ASSETCATALOG_COMPILER_WIDGET_BACKGROUND_COLOR_NAME = WidgetBackground;
				CODE_SIGN_STYLE = Automatic;
				CURRENT_PROJECT_VERSION = 1;
				DEVELOPMENT_TEAM = D8D2NQ6572;
				GENERATE_INFOPLIST_FILE = YES;
				INFOPLIST_FILE = testlive/Info.plist;
				INFOPLIST_KEY_CFBundleDisplayName = testlive;
				INFOPLIST_KEY_NSHumanReadableCopyright = "";
				LD_RUNPATH_SEARCH_PATHS = (
					"$(inherited)",
					"@executable_path/Frameworks",
					"@executable_path/../../Frameworks",
				);
				MARKETING_VERSION = 1.0;
				PRODUCT_BUNDLE_IDENTIFIER = com.willbishop.liveactivitytest.testlive;
				PRODUCT_NAME = "$(TARGET_NAME)";
				SKIP_INSTALL = YES;
				SWIFT_EMIT_LOC_STRINGS = YES;
				SWIFT_VERSION = 5.0;
				TARGETED_DEVICE_FAMILY = "1,2";
			};
			name = Debug;
		};
		ED61791B2C886ABF00CB5F0F /* Release */ = {
			isa = XCBuildConfiguration;
			buildSettings = {
				ASSETCATALOG_COMPILER_GLOBAL_ACCENT_COLOR_NAME = AccentColor;
				ASSETCATALOG_COMPILER_WIDGET_BACKGROUND_COLOR_NAME = WidgetBackground;
				CODE_SIGN_STYLE = Automatic;
				CURRENT_PROJECT_VERSION = 1;
				DEVELOPMENT_TEAM = D8D2NQ6572;
				GENERATE_INFOPLIST_FILE = YES;
				INFOPLIST_FILE = testlive/Info.plist;
				INFOPLIST_KEY_CFBundleDisplayName = testlive;
				INFOPLIST_KEY_NSHumanReadableCopyright = "";
				LD_RUNPATH_SEARCH_PATHS = (
					"$(inherited)",
					"@executable_path/Frameworks",
					"@executable_path/../../Frameworks",
				);
				MARKETING_VERSION = 1.0;
				PRODUCT_BUNDLE_IDENTIFIER = com.willbishop.liveactivitytest.testlive;
				PRODUCT_NAME = "$(TARGET_NAME)";
				SKIP_INSTALL = YES;
				SWIFT_EMIT_LOC_STRINGS = YES;
				SWIFT_VERSION = 5.0;
				TARGETED_DEVICE_FAMILY = "1,2";
			};
			name = Release;
		};
/* End XCBuildConfiguration section */

/* Begin XCConfigurationList section */
		ED6178EB2C886AAD00CB5F0F /* Build configuration list for PBXProject "liveactivitytest" */ = {
			isa = XCConfigurationList;
			buildConfigurations = (
				ED6178FC2C886AAF00CB5F0F /* Debug */,
				ED6178FD2C886AAF00CB5F0F /* Release */,
			);
			defaultConfigurationIsVisible = 0;
			defaultConfigurationName = Release;
		};
		ED6178FE2C886AAF00CB5F0F /* Build configuration list for PBXNativeTarget "liveactivitytest" */ = {
			isa = XCConfigurationList;
			buildConfigurations = (
				ED6178FF2C886AAF00CB5F0F /* Debug */,
				ED6179002C886AAF00CB5F0F /* Release */,
			);
			defaultConfigurationIsVisible = 0;
			defaultConfigurationName = Release;
		};
		ED6179192C886ABF00CB5F0F /* Build configuration list for PBXNativeTarget "testliveExtension" */ = {
			isa = XCConfigurationList;
			buildConfigurations = (
				ED61791A2C886ABF00CB5F0F /* Debug */,
				ED61791B2C886ABF00CB5F0F /* Release */,
			);
			defaultConfigurationIsVisible = 0;
			defaultConfigurationName = Release;
		};
/* End XCConfigurationList section */
	};
	rootObject = ED6178E82C886AAD00CB5F0F /* Project object */;
}
